
Microsoft Visual Studio Solution File, Format Version 12.00
# Visual Studio Version 17
VisualStudioVersion = 17.3.32804.467
MinimumVisualStudioVersion = 10.0.40219.1
Project("{FAE04EC0-301F-11D3-BF4B-00C04F79EFBC}") = "eshoraz", "eshoraz.csproj", "{DFB1B38E-5D22-4238-AD1D-E55B6798C2E4}"
EndProject
Global
	GlobalSection(SolutionConfigurationPlatforms) = preSolution
		Debug|Any CPU = Debug|Any CPU
		Release|Any CPU = Release|Any CPU
	EndGlobalSection
	GlobalSection(ProjectConfigurationPlatforms) = postSolution
		{DFB1B38E-5D22-4238-AD1D-E55B6798C2E4}.Debug|Any CPU.ActiveCfg = Debug|Any CPU
		{DFB1B38E-5D22-4238-AD1D-E55B6798C2E4}.Debug|Any CPU.Build.0 = Debug|Any CPU
		{DFB1B38E-5D22-4238-AD1D-E55B6798C2E4}.Release|Any CPU.ActiveCfg = Release|Any CPU
		{DFB1B38E-5D22-4238-AD1D-E55B6798C2E4}.Release|Any CPU.Build.0 = Release|Any CPU
	EndGlobalSection
	GlobalSection(SolutionProperties) = preSolution
		HideSolutionNode = FALSE
	EndGlobalSection
	GlobalSection(ExtensibilityGlobals) = postSolution
		SolutionGuid = {818C8E7A-4C69-4A5E-9381-72CE77A716F9}
	EndGlobalSection
EndGlobal
